
Microsoft Visual Studio Solution File, Format Version 12.00
# Visual Studio Version 17
VisualStudioVersion = 17.14.36301.6 d17.14
MinimumVisualStudioVersion = 10.0.40219.1
Project("{FAE04EC0-301F-11D3-BF4B-00C04F79EFBC}") = "JwtAuthDemo", "JwtAuthDemo\JwtAuthDemo.csproj", "{5CFB9F2B-B46E-474A-8385-A9C3A4A5DB36}"
EndProject
Global
	GlobalSection(SolutionConfigurationPlatforms) = preSolution
		Debug|Any CPU = Debug|Any CPU
		Release|Any CPU = Release|Any CPU
	EndGlobalSection
	GlobalSection(ProjectConfigurationPlatforms) = postSolution
		{5CFB9F2B-B46E-474A-8385-A9C3A4A5DB36}.Debug|Any CPU.ActiveCfg = Debug|Any CPU
		{5CFB9F2B-B46E-474A-8385-A9C3A4A5DB36}.Debug|Any CPU.Build.0 = Debug|Any CPU
		{5CFB9F2B-B46E-474A-8385-A9C3A4A5DB36}.Release|Any CPU.ActiveCfg = Release|Any CPU
		{5CFB9F2B-B46E-474A-8385-A9C3A4A5DB36}.Release|Any CPU.Build.0 = Release|Any CPU
	EndGlobalSection
	GlobalSection(SolutionProperties) = preSolution
		HideSolutionNode = FALSE
	EndGlobalSection
	GlobalSection(ExtensibilityGlobals) = postSolution
		SolutionGuid = {44456BA0-5AD7-4DBB-863A-4879E0D9C15F}
	EndGlobalSection
EndGlobal
